
Microsoft Visual Studio Solution File, Format Version 12.00
# Visual Studio Version 17
VisualStudioVersion = 17.9.34714.143
MinimumVisualStudioVersion = 10.0.40219.1
Project("{FAE04EC0-301F-11D3-BF4B-00C04F79EFBC}") = "WebCaller", "WebCaller\WebCaller.csproj", "{337037B8-E2AA-4E45-877C-384D0F9A68B0}"
EndProject
Project("{FAE04EC0-301F-11D3-BF4B-00C04F79EFBC}") = "ConsoleCallee", "ConsoleCallee\ConsoleCallee.csproj", "{AC1013A1-AA95-479B-AE2D-FB33DB4E2181}"
EndProject
Global
	GlobalSection(SolutionConfigurationPlatforms) = preSolution
		Debug|Any CPU = Debug|Any CPU
		Release|Any CPU = Release|Any CPU
	EndGlobalSection
	GlobalSection(ProjectConfigurationPlatforms) = postSolution
		{337037B8-E2AA-4E45-877C-384D0F9A68B0}.Debug|Any CPU.ActiveCfg = Debug|Any CPU
		{337037B8-E2AA-4E45-877C-384D0F9A68B0}.Debug|Any CPU.Build.0 = Debug|Any CPU
		{337037B8-E2AA-4E45-877C-384D0F9A68B0}.Release|Any CPU.ActiveCfg = Release|Any CPU
		{337037B8-E2AA-4E45-877C-384D0F9A68B0}.Release|Any CPU.Build.0 = Release|Any CPU
		{AC1013A1-AA95-479B-AE2D-FB33DB4E2181}.Debug|Any CPU.ActiveCfg = Debug|Any CPU
		{AC1013A1-AA95-479B-AE2D-FB33DB4E2181}.Debug|Any CPU.Build.0 = Debug|Any CPU
		{AC1013A1-AA95-479B-AE2D-FB33DB4E2181}.Release|Any CPU.ActiveCfg = Release|Any CPU
		{AC1013A1-AA95-479B-AE2D-FB33DB4E2181}.Release|Any CPU.Build.0 = Release|Any CPU
	EndGlobalSection
	GlobalSection(SolutionProperties) = preSolution
		HideSolutionNode = FALSE
	EndGlobalSection
	GlobalSection(ExtensibilityGlobals) = postSolution
		SolutionGuid = {28197C9C-16F1-48B8-8B36-BDDC0E451B4B}
	EndGlobalSection
EndGlobal
